
Microsoft Visual Studio Solution File, Format Version 12.00
# Visual Studio Version 17
VisualStudioVersion = 17.14.36518.9 d17.14
MinimumVisualStudioVersion = 10.0.40219.1
Project("{FAE04EC0-301F-11D3-BF4B-00C04F79EFBC}") = "SIEG_Test", "SIEG_Test\SIEG_Test.csproj", "{FC78E96A-38EA-44F7-AE28-36DFF1FA8F32}"
EndProject
Project("{FAE04EC0-301F-11D3-BF4B-00C04F79EFBC}") = "SIEG_Test.Testes", "SIEG_Test.Testes\SIEG_Test.Testes.csproj", "{9894407D-5DE9-4227-B687-F365E412A08E}"
EndProject
Global
	GlobalSection(SolutionConfigurationPlatforms) = preSolution
		Debug|Any CPU = Debug|Any CPU
		Release|Any CPU = Release|Any CPU
	EndGlobalSection
	GlobalSection(ProjectConfigurationPlatforms) = postSolution
		{FC78E96A-38EA-44F7-AE28-36DFF1FA8F32}.Debug|Any CPU.ActiveCfg = Debug|Any CPU
		{FC78E96A-38EA-44F7-AE28-36DFF1FA8F32}.Debug|Any CPU.Build.0 = Debug|Any CPU
		{FC78E96A-38EA-44F7-AE28-36DFF1FA8F32}.Release|Any CPU.ActiveCfg = Release|Any CPU
		{FC78E96A-38EA-44F7-AE28-36DFF1FA8F32}.Release|Any CPU.Build.0 = Release|Any CPU
		{9894407D-5DE9-4227-B687-F365E412A08E}.Debug|Any CPU.ActiveCfg = Debug|Any CPU
		{9894407D-5DE9-4227-B687-F365E412A08E}.Debug|Any CPU.Build.0 = Debug|Any CPU
		{9894407D-5DE9-4227-B687-F365E412A08E}.Release|Any CPU.ActiveCfg = Release|Any CPU
		{9894407D-5DE9-4227-B687-F365E412A08E}.Release|Any CPU.Build.0 = Release|Any CPU
	EndGlobalSection
	GlobalSection(SolutionProperties) = preSolution
		HideSolutionNode = FALSE
	EndGlobalSection
	GlobalSection(ExtensibilityGlobals) = postSolution
		SolutionGuid = {980485D5-340C-4021-894F-6366C76A5BBC}
	EndGlobalSection
EndGlobal
